{
  "version": 4,
  "terraform_version": "0.12.7",
  "serial": 27,
  "lineage": "77617206-2b74-49b6-349e-741965e5aa02",
  "outputs": {},
  "resources": [
    {
      "mode": "managed",
      "type": "azurerm_network_interface",
      "name": "user19-nic1",
      "provider": "provider.azurerm",
      "instances": [
        {
          "schema_version": 0,
          "attributes": {
            "applied_dns_servers": [],
            "dns_servers": [],
            "enable_accelerated_networking": false,
            "enable_ip_forwarding": false,
            "id": "/subscriptions/e0fae348-f6c2-45f5-87b7-c41c22782d8f/resourceGroups/group03-user19-rg/providers/Microsoft.Network/networkInterfaces/group03-user19-nic1",
            "internal_dns_name_label": "",
            "internal_fqdn": "",
            "ip_configuration": [
              {
                "application_gateway_backend_address_pools_ids": [],
                "application_security_group_ids": [],
                "load_balancer_backend_address_pools_ids": [],
                "load_balancer_inbound_nat_rules_ids": [],
                "name": "group03-user19-ip1",
                "primary": true,
                "private_ip_address": "",
                "private_ip_address_allocation": "dynamic",
                "private_ip_address_version": "IPv4",
                "public_ip_address_id": "/subscriptions/e0fae348-f6c2-45f5-87b7-c41c22782d8f/resourceGroups/group03-user19-rg/providers/Microsoft.Network/publicIPAddresses/group03-user19-PIP",
                "subnet_id": "/subscriptions/e0fae348-f6c2-45f5-87b7-c41c22782d8f/resourceGroups/group03-user19-rg/providers/Microsoft.Network/virtualNetworks/group03-user19-vnet/subnets/group03-user19-subnet1"
              }
            ],
            "location": "koreacentral",
            "mac_address": "00-22-48-05-69-42",
            "name": "group03-user19-nic1",
            "network_security_group_id": "/subscriptions/e0fae348-f6c2-45f5-87b7-c41c22782d8f/resourceGroups/group03-user19-rg/providers/Microsoft.Network/networkSecurityGroups/group03-user19-sg",
            "private_ip_address": "3.4.1.4",
            "private_ip_addresses": [
              "3.4.1.4"
            ],
            "resource_group_name": "group03-user19-rg",
            "tags": {},
            "virtual_machine_id": "/subscriptions/e0fae348-f6c2-45f5-87b7-c41c22782d8f/resourceGroups/group03-user19-rg/providers/Microsoft.Compute/virtualMachines/group03-user19-VM"
          },
          "private": "bnVsbA==",
          "depends_on": [
            "azurerm_network_security_group.user19-sg",
            "azurerm_public_ip.user19-publicip",
            "azurerm_resource_group.group03-user19",
            "azurerm_subnet.user19-subnet1"
          ]
        }
      ]
    },
    {
      "mode": "managed",
      "type": "azurerm_network_interface",
      "name": "user19-nic2",
      "provider": "provider.azurerm",
      "instances": [
        {
          "schema_version": 0,
          "attributes": {
            "applied_dns_servers": [],
            "dns_servers": [],
            "enable_accelerated_networking": false,
            "enable_ip_forwarding": false,
            "id": "/subscriptions/e0fae348-f6c2-45f5-87b7-c41c22782d8f/resourceGroups/group03-user19-rg/providers/Microsoft.Network/networkInterfaces/group03-user19-nic2",
            "internal_dns_name_label": "",
            "internal_fqdn": "",
            "ip_configuration": [
              {
                "application_gateway_backend_address_pools_ids": [],
                "application_security_group_ids": [],
                "load_balancer_backend_address_pools_ids": [],
                "load_balancer_inbound_nat_rules_ids": [],
                "name": "group03-user19-ip2",
                "primary": true,
                "private_ip_address": "",
                "private_ip_address_allocation": "dynamic",
                "private_ip_address_version": "IPv4",
                "public_ip_address_id": "",
                "subnet_id": "/subscriptions/e0fae348-f6c2-45f5-87b7-c41c22782d8f/resourceGroups/group03-user19-rg/providers/Microsoft.Network/virtualNetworks/group03-user19-vnet/subnets/group03-user19-subnet2"
              }
            ],
            "location": "koreacentral",
            "mac_address": "00-22-48-05-5F-09",
            "name": "group03-user19-nic2",
            "network_security_group_id": "/subscriptions/e0fae348-f6c2-45f5-87b7-c41c22782d8f/resourceGroups/group03-user19-rg/providers/Microsoft.Network/networkSecurityGroups/group03-user19-dbsg",
            "private_ip_address": "3.4.2.4",
            "private_ip_addresses": [
              "3.4.2.4"
            ],
            "resource_group_name": "group03-user19-rg",
            "tags": {},
            "virtual_machine_id": "/subscriptions/e0fae348-f6c2-45f5-87b7-c41c22782d8f/resourceGroups/group03-user19-rg/providers/Microsoft.Compute/virtualMachines/group03-user19-DBVM"
          },
          "private": "bnVsbA==",
          "depends_on": [
            "azurerm_network_security_group.user19-dbsg",
            "azurerm_resource_group.group03-user19",
            "azurerm_subnet.user19-subnet2"
          ]
        }
      ]
    },
    {
      "mode": "managed",
      "type": "azurerm_network_security_group",
      "name": "user19-dbsg",
      "provider": "provider.azurerm",
      "instances": [
        {
          "schema_version": 0,
          "attributes": {
            "id": "/subscriptions/e0fae348-f6c2-45f5-87b7-c41c22782d8f/resourceGroups/group03-user19-rg/providers/Microsoft.Network/networkSecurityGroups/group03-user19-dbsg",
            "location": "koreacentral",
            "name": "group03-user19-dbsg",
            "resource_group_name": "group03-user19-rg",
            "security_rule": [
              {
                "access": "Allow",
                "description": "",
                "destination_address_prefix": "*",
                "destination_address_prefixes": [],
                "destination_application_security_group_ids": [],
                "destination_port_range": "22",
                "destination_port_ranges": [],
                "direction": "Inbound",
                "name": "SSH",
                "priority": 1001,
                "protocol": "Tcp",
                "source_address_prefix": "*",
                "source_address_prefixes": [],
                "source_application_security_group_ids": [],
                "source_port_range": "*",
                "source_port_ranges": []
              },
              {
                "access": "Allow",
                "description": "",
                "destination_address_prefix": "*",
                "destination_address_prefixes": [],
                "destination_application_security_group_ids": [],
                "destination_port_range": "3306",
                "destination_port_ranges": [],
                "direction": "Inbound",
                "name": "MariaDB",
                "priority": 2001,
                "protocol": "Tcp",
                "source_address_prefix": "*",
                "source_address_prefixes": [],
                "source_application_security_group_ids": [],
                "source_port_range": "*",
                "source_port_ranges": []
              }
            ],
            "tags": {}
          },
          "private": "bnVsbA==",
          "depends_on": [
            "azurerm_resource_group.group03-user19"
          ]
        }
      ]
    },
    {
      "mode": "managed",
      "type": "azurerm_network_security_group",
      "name": "user19-sg",
      "provider": "provider.azurerm",
      "instances": [
        {
          "schema_version": 0,
          "attributes": {
            "id": "/subscriptions/e0fae348-f6c2-45f5-87b7-c41c22782d8f/resourceGroups/group03-user19-rg/providers/Microsoft.Network/networkSecurityGroups/group03-user19-sg",
            "location": "koreacentral",
            "name": "group03-user19-sg",
            "resource_group_name": "group03-user19-rg",
            "security_rule": [
              {
                "access": "Allow",
                "description": "",
                "destination_address_prefix": "*",
                "destination_address_prefixes": [],
                "destination_application_security_group_ids": [],
                "destination_port_range": "22",
                "destination_port_ranges": [],
                "direction": "Inbound",
                "name": "SSH",
                "priority": 1001,
                "protocol": "Tcp",
                "source_address_prefix": "*",
                "source_address_prefixes": [],
                "source_application_security_group_ids": [],
                "source_port_range": "*",
                "source_port_ranges": []
              },
              {
                "access": "Allow",
                "description": "",
                "destination_address_prefix": "*",
                "destination_address_prefixes": [],
                "destination_application_security_group_ids": [],
                "destination_port_range": "80",
                "destination_port_ranges": [],
                "direction": "Inbound",
                "name": "HTTP",
                "priority": 2001,
                "protocol": "Tcp",
                "source_address_prefix": "*",
                "source_address_prefixes": [],
                "source_application_security_group_ids": [],
                "source_port_range": "*",
                "source_port_ranges": []
              }
            ],
            "tags": {}
          },
          "private": "bnVsbA==",
          "depends_on": [
            "azurerm_resource_group.group03-user19"
          ]
        }
      ]
    },
    {
      "mode": "managed",
      "type": "azurerm_public_ip",
      "name": "user19-publicip",
      "provider": "provider.azurerm",
      "instances": [
        {
          "schema_version": 0,
          "attributes": {
            "allocation_method": "Dynamic",
            "domain_name_label": null,
            "fqdn": null,
            "id": "/subscriptions/e0fae348-f6c2-45f5-87b7-c41c22782d8f/resourceGroups/group03-user19-rg/providers/Microsoft.Network/publicIPAddresses/group03-user19-PIP",
            "idle_timeout_in_minutes": 4,
            "ip_address": "52.231.30.50",
            "ip_version": "IPv4",
            "location": "koreacentral",
            "name": "group03-user19-PIP",
            "public_ip_address_allocation": "Dynamic",
            "public_ip_prefix_id": null,
            "resource_group_name": "group03-user19-rg",
            "reverse_fqdn": null,
            "sku": "Basic",
            "tags": {},
            "zones": []
          },
          "private": "bnVsbA==",
          "depends_on": [
            "azurerm_resource_group.group03-user19"
          ]
        }
      ]
    },
    {
      "mode": "managed",
      "type": "azurerm_resource_group",
      "name": "group03-user19",
      "provider": "provider.azurerm",
      "instances": [
        {
          "schema_version": 0,
          "attributes": {
            "id": "/subscriptions/e0fae348-f6c2-45f5-87b7-c41c22782d8f/resourceGroups/group03-user19-rg",
            "location": "koreacentral",
            "name": "group03-user19-rg",
            "tags": {}
          },
          "private": "bnVsbA=="
        }
      ]
    },
    {
      "mode": "managed",
      "type": "azurerm_storage_account",
      "name": "user19-storageaccount",
      "provider": "provider.azurerm",
      "instances": [
        {
          "schema_version": 2,
          "attributes": {
            "access_tier": "",
            "account_encryption_source": "Microsoft.Storage",
            "account_kind": "Storage",
            "account_replication_type": "LRS",
            "account_tier": "Standard",
            "account_type": "Standard_LRS",
            "custom_domain": [],
            "enable_advanced_threat_protection": false,
            "enable_blob_encryption": true,
            "enable_file_encryption": true,
            "enable_https_traffic_only": false,
            "id": "/subscriptions/e0fae348-f6c2-45f5-87b7-c41c22782d8f/resourceGroups/group03-user19-rg/providers/Microsoft.Storage/storageAccounts/diagdf676e21f69c3f30",
            "identity": [],
            "is_hns_enabled": false,
            "location": "koreacentral",
            "name": "diagdf676e21f69c3f30",
            "network_rules": [],
            "primary_access_key": "SvCBPW6cJn+PIbR2l5xHfaNAUzBS7bkOJNKLwe59m7Rfx9U2RQDOZ211OlKFQA2xYfoTI9/TXSzSVBu4XyaMkg==",
            "primary_blob_connection_string": "DefaultEndpointsProtocol=https;BlobEndpoint=https://diagdf676e21f69c3f30.blob.core.windows.net/;AccountName=diagdf676e21f69c3f30;AccountKey=SvCBPW6cJn+PIbR2l5xHfaNAUzBS7bkOJNKLwe59m7Rfx9U2RQDOZ211OlKFQA2xYfoTI9/TXSzSVBu4XyaMkg==",
            "primary_blob_endpoint": "https://diagdf676e21f69c3f30.blob.core.windows.net/",
            "primary_blob_host": "diagdf676e21f69c3f30.blob.core.windows.net",
            "primary_connection_string": "DefaultEndpointsProtocol=https;AccountName=diagdf676e21f69c3f30;AccountKey=SvCBPW6cJn+PIbR2l5xHfaNAUzBS7bkOJNKLwe59m7Rfx9U2RQDOZ211OlKFQA2xYfoTI9/TXSzSVBu4XyaMkg==;EndpointSuffix=core.windows.net",
            "primary_dfs_endpoint": "",
            "primary_dfs_host": "",
            "primary_file_endpoint": "https://diagdf676e21f69c3f30.file.core.windows.net/",
            "primary_file_host": "diagdf676e21f69c3f30.file.core.windows.net",
            "primary_location": "koreacentral",
            "primary_queue_endpoint": "https://diagdf676e21f69c3f30.queue.core.windows.net/",
            "primary_queue_host": "diagdf676e21f69c3f30.queue.core.windows.net",
            "primary_table_endpoint": "https://diagdf676e21f69c3f30.table.core.windows.net/",
            "primary_table_host": "diagdf676e21f69c3f30.table.core.windows.net",
            "primary_web_endpoint": "",
            "primary_web_host": "",
            "queue_properties": [
              {
                "cors_rule": [],
                "hour_metrics": [
                  {
                    "enabled": true,
                    "include_apis": true,
                    "retention_policy_days": 7,
                    "version": "1.0"
                  }
                ],
                "logging": [
                  {
                    "delete": false,
                    "read": false,
                    "retention_policy_days": 0,
                    "version": "1.0",
                    "write": false
                  }
                ],
                "minute_metrics": [
                  {
                    "enabled": false,
                    "include_apis": false,
                    "retention_policy_days": 0,
                    "version": "1.0"
                  }
                ]
              }
            ],
            "resource_group_name": "group03-user19-rg",
            "secondary_access_key": "TPzn/eAAbi5H3gK72c47JDZ2YB27LE1/jkDLry8axslvUXXvB6hhujtiKWHiv0psuW/iuXOnFgIzppTZHJKWYw==",
            "secondary_blob_connection_string": "",
            "secondary_blob_endpoint": null,
            "secondary_blob_host": null,
            "secondary_connection_string": "DefaultEndpointsProtocol=https;AccountName=diagdf676e21f69c3f30;AccountKey=TPzn/eAAbi5H3gK72c47JDZ2YB27LE1/jkDLry8axslvUXXvB6hhujtiKWHiv0psuW/iuXOnFgIzppTZHJKWYw==;EndpointSuffix=core.windows.net",
            "secondary_dfs_endpoint": null,
            "secondary_dfs_host": null,
            "secondary_file_endpoint": null,
            "secondary_file_host": null,
            "secondary_location": "",
            "secondary_queue_endpoint": null,
            "secondary_queue_host": null,
            "secondary_table_endpoint": null,
            "secondary_table_host": null,
            "secondary_web_endpoint": null,
            "secondary_web_host": null,
            "tags": {}
          },
          "private": "eyJzY2hlbWFfdmVyc2lvbiI6IjIifQ==",
          "depends_on": [
            "azurerm_resource_group.group03-user19",
            "random_id.randomId"
          ]
        }
      ]
    },
    {
      "mode": "managed",
      "type": "azurerm_subnet",
      "name": "user19-subnet1",
      "provider": "provider.azurerm",
      "instances": [
        {
          "schema_version": 0,
          "attributes": {
            "address_prefix": "3.4.1.0/24",
            "delegation": [],
            "id": "/subscriptions/e0fae348-f6c2-45f5-87b7-c41c22782d8f/resourceGroups/group03-user19-rg/providers/Microsoft.Network/virtualNetworks/group03-user19-vnet/subnets/group03-user19-subnet1",
            "ip_configurations": [
              "/subscriptions/e0fae348-f6c2-45f5-87b7-c41c22782d8f/resourceGroups/group03-user19-rg/providers/Microsoft.Network/networkInterfaces/group03-user19-nic1/ipConfigurations/group03-user19-ip1"
            ],
            "name": "group03-user19-subnet1",
            "network_security_group_id": "",
            "resource_group_name": "group03-user19-rg",
            "route_table_id": "",
            "service_endpoints": [],
            "virtual_network_name": "group03-user19-vnet"
          },
          "private": "bnVsbA==",
          "depends_on": [
            "azurerm_resource_group.group03-user19",
            "azurerm_virtual_network.group03-user19-vnetwork"
          ]
        }
      ]
    },
    {
      "mode": "managed",
      "type": "azurerm_subnet",
      "name": "user19-subnet2",
      "provider": "provider.azurerm",
      "instances": [
        {
          "schema_version": 0,
          "attributes": {
            "address_prefix": "3.4.2.0/24",
            "delegation": [],
            "id": "/subscriptions/e0fae348-f6c2-45f5-87b7-c41c22782d8f/resourceGroups/group03-user19-rg/providers/Microsoft.Network/virtualNetworks/group03-user19-vnet/subnets/group03-user19-subnet2",
            "ip_configurations": [
              "/subscriptions/e0fae348-f6c2-45f5-87b7-c41c22782d8f/resourceGroups/group03-user19-rg/providers/Microsoft.Network/networkInterfaces/group03-user19-nic2/ipConfigurations/group03-user19-ip2"
            ],
            "name": "group03-user19-subnet2",
            "network_security_group_id": "",
            "resource_group_name": "group03-user19-rg",
            "route_table_id": "",
            "service_endpoints": [],
            "virtual_network_name": "group03-user19-vnet"
          },
          "private": "bnVsbA==",
          "depends_on": [
            "azurerm_resource_group.group03-user19",
            "azurerm_virtual_network.group03-user19-vnetwork"
          ]
        }
      ]
    },
    {
      "mode": "managed",
      "type": "azurerm_virtual_machine",
      "name": "user19-vm",
      "provider": "provider.azurerm",
      "instances": [
        {
          "schema_version": 0,
          "attributes": {
            "availability_set_id": null,
            "boot_diagnostics": [
              {
                "enabled": true,
                "storage_uri": "https://diagdf676e21f69c3f30.blob.core.windows.net/"
              }
            ],
            "delete_data_disks_on_termination": false,
            "delete_os_disk_on_termination": false,
            "id": "/subscriptions/e0fae348-f6c2-45f5-87b7-c41c22782d8f/resourceGroups/group03-user19-rg/providers/Microsoft.Compute/virtualMachines/group03-user19-VM",
            "identity": [],
            "license_type": null,
            "location": "koreacentral",
            "name": "group03-user19-VM",
            "network_interface_ids": [
              "/subscriptions/e0fae348-f6c2-45f5-87b7-c41c22782d8f/resourceGroups/group03-user19-rg/providers/Microsoft.Network/networkInterfaces/group03-user19-nic1"
            ],
            "os_profile": [
              {
                "admin_password": "",
                "admin_username": "azureuser",
                "computer_name": "user19vm",
                "custom_data": ""
              }
            ],
            "os_profile_linux_config": [
              {
                "disable_password_authentication": true,
                "ssh_keys": [
                  {
                    "key_data": "ssh-rsa AAAAB3NzaC1yc2EAAAADAQABAAABAQC32leEQl2ZxVQnC9r4TeHKDvA3ayS+ViyMLAUqSAH+W8NHbZnjtvo1ieEtGgvhXQMV0jWdXbcvq18UzAifIaDeVNdH//8OD2Au/EWCmfmX+ESe1ZuuUWVTZAa6VUMvWp19YjRDpzQUDFfvJZzaPtkfnlhG1V5pGHOa/oODmBaIwqUlJR7U4ivYAmAoLvymbThMiUWIG2+zehIUCJujYhad5Ag9+wjtGYx/1n7dO+ph/Z+4ejYgJARBZYU4icipp5mX7345bMTvOu6gTkzPhn0PHeH9ImnKb+FM5fhjh+pESaZWxm7HjO7ddeETtT9wWZMdtTHUvfZqoG5SLKE2NpGZ user19@cc-fced2d2a-766957cd4b-cng8h",
                    "path": "/home/azureuser/.ssh/authorized_keys"
                  }
                ]
              }
            ],
            "os_profile_secrets": [],
            "os_profile_windows_config": [],
            "plan": [],
            "primary_network_interface_id": null,
            "resource_group_name": "group03-user19-rg",
            "storage_data_disk": [],
            "storage_image_reference": [
              {
                "id": "",
                "offer": "UbuntuServer",
                "publisher": "Canonical",
                "sku": "16.04.0-LTS",
                "version": "latest"
              }
            ],
            "storage_os_disk": [
              {
                "caching": "ReadWrite",
                "create_option": "FromImage",
                "disk_size_gb": 30,
                "image_uri": "",
                "managed_disk_id": "/subscriptions/e0fae348-f6c2-45f5-87b7-c41c22782d8f/resourceGroups/group03-user19-rg/providers/Microsoft.Compute/disks/group03-user19-Disk",
                "managed_disk_type": "Premium_LRS",
                "name": "group03-user19-Disk",
                "os_type": "Linux",
                "vhd_uri": "",
                "write_accelerator_enabled": false
              }
            ],
            "tags": {},
            "vm_size": "Standard_DS1_v2",
            "zones": []
          },
          "private": "bnVsbA==",
          "depends_on": [
            "azurerm_network_interface.user19-nic1",
            "azurerm_resource_group.group03-user19",
            "azurerm_storage_account.user19-storageaccount"
          ]
        }
      ]
    },
    {
      "mode": "managed",
      "type": "azurerm_virtual_network",
      "name": "group03-user19-vnetwork",
      "provider": "provider.azurerm",
      "instances": [
        {
          "schema_version": 0,
          "attributes": {
            "address_space": [
              "3.4.0.0/16"
            ],
            "ddos_protection_plan": [],
            "dns_servers": [],
            "id": "/subscriptions/e0fae348-f6c2-45f5-87b7-c41c22782d8f/resourceGroups/group03-user19-rg/providers/Microsoft.Network/virtualNetworks/group03-user19-vnet",
            "location": "koreacentral",
            "name": "group03-user19-vnet",
            "resource_group_name": "group03-user19-rg",
            "subnet": [
              {
                "address_prefix": "3.4.1.0/24",
                "id": "/subscriptions/e0fae348-f6c2-45f5-87b7-c41c22782d8f/resourceGroups/group03-user19-rg/providers/Microsoft.Network/virtualNetworks/group03-user19-vnet/subnets/group03-user19-subnet1",
                "name": "group03-user19-subnet1",
                "security_group": ""
              },
              {
                "address_prefix": "3.4.2.0/24",
                "id": "/subscriptions/e0fae348-f6c2-45f5-87b7-c41c22782d8f/resourceGroups/group03-user19-rg/providers/Microsoft.Network/virtualNetworks/group03-user19-vnet/subnets/group03-user19-subnet2",
                "name": "group03-user19-subnet2",
                "security_group": ""
              }
            ],
            "tags": {}
          },
          "private": "bnVsbA==",
          "depends_on": [
            "azurerm_resource_group.group03-user19"
          ]
        }
      ]
    },
    {
      "mode": "managed",
      "type": "random_id",
      "name": "randomId",
      "provider": "provider.random",
      "instances": [
        {
          "schema_version": 0,
          "attributes": {
            "b64": "32duIfacPzA",
            "b64_std": "32duIfacPzA=",
            "b64_url": "32duIfacPzA",
            "byte_length": 8,
            "dec": "16097956485209538352",
            "hex": "df676e21f69c3f30",
            "id": "32duIfacPzA",
            "keepers": {
              "resource_group": "group03-user19-rg"
            },
            "prefix": null
          },
          "depends_on": [
            "azurerm_resource_group.group03-user19"
          ]
        }
      ]
    }
  ]
}
